// !$*UTF8*$!
{
	archiveVersion = 1;
	classes = {
	};
	objectVersion = 46;
	objects = {

/* Begin PBXBuildFile section */
		29F537DD8FD6502978A2E22A /* Pods_Demo.framework in Frameworks */ = {isa = PBXBuildFile; fileRef = DAE777E9EB9F1494D8D16409 /* Pods_Demo.framework */; };
		772613C41E29A2C500168860 /* GoogleService-Info.plist in Resources */ = {isa = PBXBuildFile; fileRef = 772613C31E29A2C500168860 /* GoogleService-Info.plist */; };
		7766DDA21E297168003919E4 /* AppDelegate.swift in Sources */ = {isa = PBXBuildFile; fileRef = 7766DDA11E297168003919E4 /* AppDelegate.swift */; };
		7766DDA41E297168003919E4 /* ViewController.swift in Sources */ = {isa = PBXBuildFile; fileRef = 7766DDA31E297168003919E4 /* ViewController.swift */; };
		7766DDA71E297168003919E4 /* Main.storyboard in Resources */ = {isa = PBXBuildFile; fileRef = 7766DDA51E297168003919E4 /* Main.storyboard */; };
		7766DDA91E297168003919E4 /* Assets.xcassets in Resources */ = {isa = PBXBuildFile; fileRef = 7766DDA81E297168003919E4 /* Assets.xcassets */; };
		7766DDAC1E297168003919E4 /* LaunchScreen.storyboard in Resources */ = {isa = PBXBuildFile; fileRef = 7766DDAA1E297168003919E4 /* LaunchScreen.storyboard */; };
		7766DDB71E297168003919E4 /* DemoTests.swift in Sources */ = {isa = PBXBuildFile; fileRef = 7766DDB61E297168003919E4 /* DemoTests.swift */; };
		7766DDC21E297168003919E4 /* DemoUITests.swift in Sources */ = {isa = PBXBuildFile; fileRef = 7766DDC11E297168003919E4 /* DemoUITests.swift */; };
/* End PBXBuildFile section */

/* Begin PBXContainerItemProxy section */
		7766DDB31E297168003919E4 /* PBXContainerItemProxy */ = {
			isa = PBXContainerItemProxy;
			containerPortal = 7766DD961E297167003919E4 /* Project object */;
			proxyType = 1;
			remoteGlobalIDString = 7766DD9D1E297167003919E4;
			remoteInfo = Demo;
		};
		7766DDBE1E297168003919E4 /* PBXContainerItemProxy */ = {
			isa = PBXContainerItemProxy;
			containerPortal = 7766DD961E297167003919E4 /* Project object */;
			proxyType = 1;
			remoteGlobalIDString = 7766DD9D1E297167003919E4;
			remoteInfo = Demo;
		};
/* End PBXContainerItemProxy section */

/* Begin PBXFileReference section */
		0F3AEC50400876B87382FAA1 /* Pods-Demo.release.xcconfig */ = {isa = PBXFileReference; includeInIndex = 1; lastKnownFileType = text.xcconfig; name = "Pods-Demo.release.xcconfig"; path = "Pods/Target Support Files/Pods-Demo/Pods-Demo.release.xcconfig"; sourceTree = "<group>"; };
		420745EC830D2ED386FCC76D /* Pods-Demo.debug.xcconfig */ = {isa = PBXFileReference; includeInIndex = 1; lastKnownFileType = text.xcconfig; name = "Pods-Demo.debug.xcconfig"; path = "Pods/Target Support Files/Pods-Demo/Pods-Demo.debug.xcconfig"; sourceTree = "<group>"; };
		772613C21E299C6D00168860 /* Demo.entitlements */ = {isa = PBXFileReference; lastKnownFileType = text.plist.entitlements; path = Demo.entitlements; sourceTree = "<group>"; };
		772613C31E29A2C500168860 /* GoogleService-Info.plist */ = {isa = PBXFileReference; fileEncoding = 4; lastKnownFileType = text.plist.xml; path = "GoogleService-Info.plist"; sourceTree = "<group>"; };
		7766DD9E1E297168003919E4 /* Demo.app */ = {isa = PBXFileReference; explicitFileType = wrapper.application; includeInIndex = 0; path = Demo.app; sourceTree = BUILT_PRODUCTS_DIR; };
		7766DDA11E297168003919E4 /* AppDelegate.swift */ = {isa = PBXFileReference; lastKnownFileType = sourcecode.swift; path = AppDelegate.swift; sourceTree = "<group>"; };
		7766DDA31E297168003919E4 /* ViewController.swift */ = {isa = PBXFileReference; lastKnownFileType = sourcecode.swift; path = ViewController.swift; sourceTree = "<group>"; };
		7766DDA61E297168003919E4 /* Base */ = {isa = PBXFileReference; lastKnownFileType = file.storyboard; name = Base; path = Base.lproj/Main.storyboard; sourceTree = "<group>"; };
		7766DDA81E297168003919E4 /* Assets.xcassets */ = {isa = PBXFileReference; lastKnownFileType = folder.assetcatalog; path = Assets.xcassets; sourceTree = "<group>"; };
		7766DDAB1E297168003919E4 /* Base */ = {isa = PBXFileReference; lastKnownFileType = file.storyboard; name = Base; path = Base.lproj/LaunchScreen.storyboard; sourceTree = "<group>"; };
		7766DDAD1E297168003919E4 /* Info.plist */ = {isa = PBXFileReference; lastKnownFileType = text.plist.xml; path = Info.plist; sourceTree = "<group>"; };
		7766DDB21E297168003919E4 /* DemoTests.xctest */ = {isa = PBXFileReference; explicitFileType = wrapper.cfbundle; includeInIndex = 0; path = DemoTests.xctest; sourceTree = BUILT_PRODUCTS_DIR; };
		7766DDB61E297168003919E4 /* DemoTests.swift */ = {isa = PBXFileReference; lastKnownFileType = sourcecode.swift; path = DemoTests.swift; sourceTree = "<group>"; };
		7766DDB81E297168003919E4 /* Info.plist */ = {isa = PBXFileReference; lastKnownFileType = text.plist.xml; path = Info.plist; sourceTree = "<group>"; };
		7766DDBD1E297168003919E4 /* DemoUITests.xctest */ = {isa = PBXFileReference; explicitFileType = wrapper.cfbundle; includeInIndex = 0; path = DemoUITests.xctest; sourceTree = BUILT_PRODUCTS_DIR; };
		7766DDC11E297168003919E4 /* DemoUITests.swift */ = {isa = PBXFileReference; lastKnownFileType = sourcecode.swift; path = DemoUITests.swift; sourceTree = "<group>"; };
		7766DDC31E297168003919E4 /* Info.plist */ = {isa = PBXFileReference; lastKnownFileType = text.plist.xml; path = Info.plist; sourceTree = "<group>"; };
		DAE777E9EB9F1494D8D16409 /* Pods_Demo.framework */ = {isa = PBXFileReference; explicitFileType = wrapper.framework; includeInIndex = 0; path = Pods_Demo.framework; sourceTree = BUILT_PRODUCTS_DIR; };
/* End PBXFileReference section */

/* Begin PBXFrameworksBuildPhase section */
		7766DD9B1E297167003919E4 /* Frameworks */ = {
			isa = PBXFrameworksBuildPhase;
			buildActionMask = 2147483647;
			files = (
				29F537DD8FD6502978A2E22A /* Pods_Demo.framework in Frameworks */,
			);
			runOnlyForDeploymentPostprocessing = 0;
		};
		7766DDAF1E297168003919E4 /* Frameworks */ = {
			isa = PBXFrameworksBuildPhase;
			buildActionMask = 2147483647;
			files = (
			);
			runOnlyForDeploymentPostprocessing = 0;
		};
		7766DDBA1E297168003919E4 /* Frameworks */ = {
			isa = PBXFrameworksBuildPhase;
			buildActionMask = 2147483647;
			files = (
			);
			runOnlyForDeploymentPostprocessing = 0;
		};
/* End PBXFrameworksBuildPhase section */

/* Begin PBXGroup section */
		627C00463688CAF724E274B8 /* Frameworks */ = {
			isa = PBXGroup;
			children = (
				DAE777E9EB9F1494D8D16409 /* Pods_Demo.framework */,
			);
			name = Frameworks;
			sourceTree = "<group>";
		};
		7766DD951E297167003919E4 = {
			isa = PBXGroup;
			children = (
				7766DDA01E297168003919E4 /* Demo */,
				7766DDB51E297168003919E4 /* DemoTests */,
				7766DDC01E297168003919E4 /* DemoUITests */,
				7766DD9F1E297168003919E4 /* Products */,
				E288EBBF741519C0D7EDBD73 /* Pods */,
				627C00463688CAF724E274B8 /* Frameworks */,
			);
			sourceTree = "<group>";
		};
		7766DD9F1E297168003919E4 /* Products */ = {
			isa = PBXGroup;
			children = (
				7766DD9E1E297168003919E4 /* Demo.app */,
				7766DDB21E297168003919E4 /* DemoTests.xctest */,
				7766DDBD1E297168003919E4 /* DemoUITests.xctest */,
			);
			name = Products;
			sourceTree = "<group>";
		};
		7766DDA01E297168003919E4 /* Demo */ = {
			isa = PBXGroup;
			children = (
				772613C21E299C6D00168860 /* Demo.entitlements */,
				7766DDA11E297168003919E4 /* AppDelegate.swift */,
				7766DDA31E297168003919E4 /* ViewController.swift */,
				7766DDA51E297168003919E4 /* Main.storyboard */,
				7766DDA81E297168003919E4 /* Assets.xcassets */,
				7766DDAA1E297168003919E4 /* LaunchScreen.storyboard */,
				7766DDAD1E297168003919E4 /* Info.plist */,
				772613C31E29A2C500168860 /* GoogleService-Info.plist */,
			);
			path = Demo;
			sourceTree = "<group>";
		};
		7766DDB51E297168003919E4 /* DemoTests */ = {
			isa = PBXGroup;
			children = (
				7766DDB61E297168003919E4 /* DemoTests.swift */,
				7766DDB81E297168003919E4 /* Info.plist */,
			);
			path = DemoTests;
			sourceTree = "<group>";
		};
		7766DDC01E297168003919E4 /* DemoUITests */ = {
			isa = PBXGroup;
			children = (
				7766DDC11E297168003919E4 /* DemoUITests.swift */,
				7766DDC31E297168003919E4 /* Info.plist */,
			);
			path = DemoUITests;
			sourceTree = "<group>";
		};
		E288EBBF741519C0D7EDBD73 /* Pods */ = {
			isa = PBXGroup;
			children = (
				420745EC830D2ED386FCC76D /* Pods-Demo.debug.xcconfig */,
				0F3AEC50400876B87382FAA1 /* Pods-Demo.release.xcconfig */,
			);
			name = Pods;
			sourceTree = "<group>";
		};
/* End PBXGroup section */

/* Begin PBXNativeTarget section */
		7766DD9D1E297167003919E4 /* Demo */ = {
			isa = PBXNativeTarget;
			buildConfigurationList = 7766DDC61E297168003919E4 /* Build configuration list for PBXNativeTarget "Demo" */;
			buildPhases = (
				1FC60E99BBFFAC19541EB94D /* [CP] Check Pods Manifest.lock */,
				7766DD9A1E297167003919E4 /* Sources */,
				7766DD9B1E297167003919E4 /* Frameworks */,
				7766DD9C1E297167003919E4 /* Resources */,
				5AD865D2343782F61B350655 /* [CP] Embed Pods Frameworks */,
				98488AFBC9414C2D7F294AD2 /* [CP] Copy Pods Resources */,
			);
			buildRules = (
			);
			dependencies = (
			);
			name = Demo;
			productName = Demo;
			productReference = 7766DD9E1E297168003919E4 /* Demo.app */;
			productType = "com.apple.product-type.application";
		};
		7766DDB11E297168003919E4 /* DemoTests */ = {
			isa = PBXNativeTarget;
			buildConfigurationList = 7766DDC91E297168003919E4 /* Build configuration list for PBXNativeTarget "DemoTests" */;
			buildPhases = (
				7766DDAE1E297168003919E4 /* Sources */,
				7766DDAF1E297168003919E4 /* Frameworks */,
				7766DDB01E297168003919E4 /* Resources */,
			);
			buildRules = (
			);
			dependencies = (
				7766DDB41E297168003919E4 /* PBXTargetDependency */,
			);
			name = DemoTests;
			productName = DemoTests;
			productReference = 7766DDB21E297168003919E4 /* DemoTests.xctest */;
			productType = "com.apple.product-type.bundle.unit-test";
		};
		7766DDBC1E297168003919E4 /* DemoUITests */ = {
			isa = PBXNativeTarget;
			buildConfigurationList = 7766DDCC1E297168003919E4 /* Build configuration list for PBXNativeTarget "DemoUITests" */;
			buildPhases = (
				7766DDB91E297168003919E4 /* Sources */,
				7766DDBA1E297168003919E4 /* Frameworks */,
				7766DDBB1E297168003919E4 /* Resources */,
			);
			buildRules = (
			);
			dependencies = (
				7766DDBF1E297168003919E4 /* PBXTargetDependency */,
			);
			name = DemoUITests;
			productName = DemoUITests;
			productReference = 7766DDBD1E297168003919E4 /* DemoUITests.xctest */;
			productType = "com.apple.product-type.bundle.ui-testing";
		};
/* End PBXNativeTarget section */

/* Begin PBXProject section */
		7766DD961E297167003919E4 /* Project object */ = {
			isa = PBXProject;
			attributes = {
				LastSwiftUpdateCheck = 0820;
				LastUpgradeCheck = 0820;
				ORGANIZATIONNAME = Oscar;
				TargetAttributes = {
					7766DD9D1E297167003919E4 = {
						CreatedOnToolsVersion = 8.2.1;
						DevelopmentTeam = B3N4Y2PUF4;
						ProvisioningStyle = Automatic;
						SystemCapabilities = {
							com.apple.Keychain = {
								enabled = 1;
							};
							com.apple.Push = {
								enabled = 1;
							};
						};
					};
					7766DDB11E297168003919E4 = {
						CreatedOnToolsVersion = 8.2.1;
						ProvisioningStyle = Automatic;
						TestTargetID = 7766DD9D1E297167003919E4;
					};
					7766DDBC1E297168003919E4 = {
						CreatedOnToolsVersion = 8.2.1;
						ProvisioningStyle = Automatic;
						TestTargetID = 7766DD9D1E297167003919E4;
					};
				};
			};
			buildConfigurationList = 7766DD991E297167003919E4 /* Build configuration list for PBXProject "Demo" */;
			compatibilityVersion = "Xcode 3.2";
			developmentRegion = English;
			hasScannedForEncodings = 0;
			knownRegions = (
				en,
				Base,
			);
			mainGroup = 7766DD951E297167003919E4;
			productRefGroup = 7766DD9F1E297168003919E4 /* Products */;
			projectDirPath = "";
			projectRoot = "";
			targets = (
				7766DD9D1E297167003919E4 /* Demo */,
				7766DDB11E297168003919E4 /* DemoTests */,
				7766DDBC1E297168003919E4 /* DemoUITests */,
			);
		};
/* End PBXProject section */

/* Begin PBXResourcesBuildPhase section */
		7766DD9C1E297167003919E4 /* Resources */ = {
			isa = PBXResourcesBuildPhase;
			buildActionMask = 2147483647;
			files = (
				7766DDAC1E297168003919E4 /* LaunchScreen.storyboard in Resources */,
				772613C41E29A2C500168860 /* GoogleService-Info.plist in Resources */,
				7766DDA91E297168003919E4 /* Assets.xcassets in Resources */,
				7766DDA71E297168003919E4 /* Main.storyboard in Resources */,
			);
			runOnlyForDeploymentPostprocessing = 0;
		};
		7766DDB01E297168003919E4 /* Resources */ = {
			isa = PBXResourcesBuildPhase;
			buildActionMask = 2147483647;
			files = (
			);
			runOnlyForDeploymentPostprocessing = 0;
		};
		7766DDBB1E297168003919E4 /* Resources */ = {
			isa = PBXResourcesBuildPhase;
			buildActionMask = 2147483647;
			files = (
			);
			runOnlyForDeploymentPostprocessing = 0;
		};
/* End PBXResourcesBuildPhase section */

/* Begin PBXShellScriptBuildPhase section */
		1FC60E99BBFFAC19541EB94D /* [CP] Check Pods Manifest.lock */ = {
			isa = PBXShellScriptBuildPhase;
			buildActionMask = 2147483647;
			files = (
			);
			inputPaths = (
			);
			name = "[CP] Check Pods Manifest.lock";
			outputPaths = (
			);
			runOnlyForDeploymentPostprocessing = 0;
			shellPath = /bin/sh;
			shellScript = "diff \"${PODS_ROOT}/../Podfile.lock\" \"${PODS_ROOT}/Manifest.lock\" > /dev/null\nif [ $? != 0 ] ; then\n    # print error to STDERR\n    echo \"error: The sandbox is not in sync with the Podfile.lock. Run 'pod install' or update your CocoaPods installation.\" >&2\n    exit 1\nfi\n";
			showEnvVarsInLog = 0;
		};
		5AD865D2343782F61B350655 /* [CP] Embed Pods Frameworks */ = {
			isa = PBXShellScriptBuildPhase;
			buildActionMask = 2147483647;
			files = (
			);
			inputPaths = (
			);
			name = "[CP] Embed Pods Frameworks";
			outputPaths = (
			);
			runOnlyForDeploymentPostprocessing = 0;
			shellPath = /bin/sh;
			shellScript = "\"${SRCROOT}/Pods/Target Support Files/Pods-Demo/Pods-Demo-frameworks.sh\"\n";
			showEnvVarsInLog = 0;
		};
		98488AFBC9414C2D7F294AD2 /* [CP] Copy Pods Resources */ = {
			isa = PBXShellScriptBuildPhase;
			buildActionMask = 2147483647;
			files = (
			);
			inputPaths = (
			);
			name = "[CP] Copy Pods Resources";
			outputPaths = (
			);
			runOnlyForDeploymentPostprocessing = 0;
			shellPath = /bin/sh;
			shellScript = "\"${SRCROOT}/Pods/Target Support Files/Pods-Demo/Pods-Demo-resources.sh\"\n";
			showEnvVarsInLog = 0;
		};
/* End PBXShellScriptBuildPhase section */

/* Begin PBXSourcesBuildPhase section */
		7766DD9A1E297167003919E4 /* Sources */ = {
			isa = PBXSourcesBuildPhase;
			buildActionMask = 2147483647;
			files = (
				7766DDA41E297168003919E4 /* ViewController.swift in Sources */,
				7766DDA21E297168003919E4 /* AppDelegate.swift in Sources */,
			);
			runOnlyForDeploymentPostprocessing = 0;
		};
		7766DDAE1E297168003919E4 /* Sources */ = {
			isa = PBXSourcesBuildPhase;
			buildActionMask = 2147483647;
			files = (
				7766DDB71E297168003919E4 /* DemoTests.swift in Sources */,
			);
			runOnlyForDeploymentPostprocessing = 0;
		};
		7766DDB91E297168003919E4 /* Sources */ = {
			isa = PBXSourcesBuildPhase;
			buildActionMask = 2147483647;
			files = (
				7766DDC21E297168003919E4 /* DemoUITests.swift in Sources */,
			);
			runOnlyForDeploymentPostprocessing = 0;
		};
/* End PBXSourcesBuildPhase section */

/* Begin PBXTargetDependency section */
		7766DDB41E297168003919E4 /* PBXTargetDependency */ = {
			isa = PBXTargetDependency;
			target = 7766DD9D1E297167003919E4 /* Demo */;
			targetProxy = 7766DDB31E297168003919E4 /* PBXContainerItemProxy */;
		};
		7766DDBF1E297168003919E4 /* PBXTargetDependency */ = {
			isa = PBXTargetDependency;
			target = 7766DD9D1E297167003919E4 /* Demo */;
			targetProxy = 7766DDBE1E297168003919E4 /* PBXContainerItemProxy */;
		};
/* End PBXTargetDependency section */

/* Begin PBXVariantGroup section */
		7766DDA51E297168003919E4 /* Main.storyboard */ = {
			isa = PBXVariantGroup;
			children = (
				7766DDA61E297168003919E4 /* Base */,
			);
			name = Main.storyboard;
			sourceTree = "<group>";
		};
		7766DDAA1E297168003919E4 /* LaunchScreen.storyboard */ = {
			isa = PBXVariantGroup;
			children = (
				7766DDAB1E297168003919E4 /* Base */,
			);
			name = LaunchScreen.storyboard;
			sourceTree = "<group>";
		};
/* End PBXVariantGroup section */

/* Begin XCBuildConfiguration section */
		7766DDC41E297168003919E4 /* Debug */ = {
			isa = XCBuildConfiguration;
			buildSettings = {
				ALWAYS_SEARCH_USER_PATHS = NO;
				CLANG_ANALYZER_NONNULL = YES;
				CLANG_CXX_LANGUAGE_STANDARD = "gnu++0x";
				CLANG_CXX_LIBRARY = "libc++";
				CLANG_ENABLE_MODULES = YES;
				CLANG_ENABLE_OBJC_ARC = YES;
				CLANG_WARN_BOOL_CONVERSION = YES;
				CLANG_WARN_CONSTANT_CONVERSION = YES;
				CLANG_WARN_DIRECT_OBJC_ISA_USAGE = YES_ERROR;
				CLANG_WARN_DOCUMENTATION_COMMENTS = YES;
				CLANG_WARN_EMPTY_BODY = YES;
				CLANG_WARN_ENUM_CONVERSION = YES;
				CLANG_WARN_INFINITE_RECURSION = YES;
				CLANG_WARN_INT_CONVERSION = YES;
				CLANG_WARN_OBJC_ROOT_CLASS = YES_ERROR;
				CLANG_WARN_SUSPICIOUS_MOVE = YES;
				CLANG_WARN_UNREACHABLE_CODE = YES;
				CLANG_WARN__DUPLICATE_METHOD_MATCH = YES;
				"CODE_SIGN_IDENTITY[sdk=iphoneos*]" = "iPhone Developer";
				COPY_PHASE_STRIP = NO;
				DEBUG_INFORMATION_FORMAT = dwarf;
				ENABLE_STRICT_OBJC_MSGSEND = YES;
				ENABLE_TESTABILITY = YES;
				GCC_C_LANGUAGE_STANDARD = gnu99;
				GCC_DYNAMIC_NO_PIC = NO;
				GCC_NO_COMMON_BLOCKS = YES;
				GCC_OPTIMIZATION_LEVEL = 0;
				GCC_PREPROCESSOR_DEFINITIONS = (
					"DEBUG=1",
					"$(inherited)",
				);
				GCC_WARN_64_TO_32_BIT_CONVERSION = YES;
				GCC_WARN_ABOUT_RETURN_TYPE = YES_ERROR;
				GCC_WARN_UNDECLARED_SELECTOR = YES;
				GCC_WARN_UNINITIALIZED_AUTOS = YES_AGGRESSIVE;
				GCC_WARN_UNUSED_FUNCTION = YES;
				GCC_WARN_UNUSED_VARIABLE = YES;
				IPHONEOS_DEPLOYMENT_TARGET = 10.2;
				MTL_ENABLE_DEBUG_INFO = YES;
				ONLY_ACTIVE_ARCH = YES;
				SDKROOT = iphoneos;
				SWIFT_ACTIVE_COMPILATION_CONDITIONS = DEBUG;
				SWIFT_OPTIMIZATION_LEVEL = "-Onone";
			};
			name = Debug;
		};
		7766DDC51E297168003919E4 /* Release */ = {
			isa = XCBuildConfiguration;
			buildSettings = {
				ALWAYS_SEARCH_USER_PATHS = NO;
				CLANG_ANALYZER_NONNULL = YES;
				CLANG_CXX_LANGUAGE_STANDARD = "gnu++0x";
				CLANG_CXX_LIBRARY = "libc++";
				CLANG_ENABLE_MODULES = YES;
				CLANG_ENABLE_OBJC_ARC = YES;
				CLANG_WARN_BOOL_CONVERSION = YES;
				CLANG_WARN_CONSTANT_CONVERSION = YES;
				CLANG_WARN_DIRECT_OBJC_ISA_USAGE = YES_ERROR;
				CLANG_WARN_DOCUMENTATION_COMMENTS = YES;
				CLANG_WARN_EMPTY_BODY = YES;
				CLANG_WARN_ENUM_CONVERSION = YES;
				CLANG_WARN_INFINITE_RECURSION = YES;
				CLANG_WARN_INT_CONVERSION = YES;
				CLANG_WARN_OBJC_ROOT_CLASS = YES_ERROR;
				CLANG_WARN_SUSPICIOUS_MOVE = YES;
				CLANG_WARN_UNREACHABLE_CODE = YES;
				CLANG_WARN__DUPLICATE_METHOD_MATCH = YES;
				"CODE_SIGN_IDENTITY[sdk=iphoneos*]" = "iPhone Developer";
				COPY_PHASE_STRIP = NO;
				DEBUG_INFORMATION_FORMAT = "dwarf-with-dsym";
				ENABLE_NS_ASSERTIONS = NO;
				ENABLE_STRICT_OBJC_MSGSEND = YES;
				GCC_C_LANGUAGE_STANDARD = gnu99;
				GCC_NO_COMMON_BLOCKS = YES;
				GCC_WARN_64_TO_32_BIT_CONVERSION = YES;
				GCC_WARN_ABOUT_RETURN_TYPE = YES_ERROR;
				GCC_WARN_UNDECLARED_SELECTOR = YES;
				GCC_WARN_UNINITIALIZED_AUTOS = YES_AGGRESSIVE;
				GCC_WARN_UNUSED_FUNCTION = YES;
				GCC_WARN_UNUSED_VARIABLE = YES;
				IPHONEOS_DEPLOYMENT_TARGET = 10.2;
				MTL_ENABLE_DEBUG_INFO = NO;
				SDKROOT = iphoneos;
				SWIFT_OPTIMIZATION_LEVEL = "-Owholemodule";
				VALIDATE_PRODUCT = YES;
			};
			name = Release;
		};
		7766DDC71E297168003919E4 /* Debug */ = {
			isa = XCBuildConfiguration;
			baseConfigurationReference = 420745EC830D2ED386FCC76D /* Pods-Demo.debug.xcconfig */;
			buildSettings = {
				ASSETCATALOG_COMPILER_APPICON_NAME = AppIcon;
				CODE_SIGN_ENTITLEMENTS = Demo/Demo.entitlements;
				DEVELOPMENT_TEAM = B3N4Y2PUF4;
				INFOPLIST_FILE = Demo/Info.plist;
				IPHONEOS_DEPLOYMENT_TARGET = 9.0;
				LD_RUNPATH_SEARCH_PATHS = "$(inherited) @executable_path/Frameworks";
				PRODUCT_BUNDLE_IDENTIFIER = com.osigu.DemoTest;
				PRODUCT_NAME = "$(TARGET_NAME)";
				SWIFT_VERSION = 3.0;
			};
			name = Debug;
		};
		7766DDC81E297168003919E4 /* Release */ = {
			isa = XCBuildConfiguration;
			baseConfigurationReference = 0F3AEC50400876B87382FAA1 /* Pods-Demo.release.xcconfig */;
			buildSettings = {
				ASSETCATALOG_COMPILER_APPICON_NAME = AppIcon;
				CODE_SIGN_ENTITLEMENTS = Demo/Demo.entitlements;
				DEVELOPMENT_TEAM = B3N4Y2PUF4;
				INFOPLIST_FILE = Demo/Info.plist;
				IPHONEOS_DEPLOYMENT_TARGET = 9.0;
				LD_RUNPATH_SEARCH_PATHS = "$(inherited) @executable_path/Frameworks";
				PRODUCT_BUNDLE_IDENTIFIER = com.osigu.DemoTest;
				PRODUCT_NAME = "$(TARGET_NAME)";
				SWIFT_VERSION = 3.0;
			};
			name = Release;
		};
		7766DDCA1E297168003919E4 /* Debug */ = {
			isa = XCBuildConfiguration;
			buildSettings = {
				ALWAYS_EMBED_SWIFT_STANDARD_LIBRARIES = YES;
				BUNDLE_LOADER = "$(TEST_HOST)";
				INFOPLIST_FILE = DemoTests/Info.plist;
				LD_RUNPATH_SEARCH_PATHS = "$(inherited) @executable_path/Frameworks @loader_path/Frameworks";
				PRODUCT_BUNDLE_IDENTIFIER = com.oscar.DemoTests;
				PRODUCT_NAME = "$(TARGET_NAME)";
				SWIFT_VERSION = 3.0;
				TEST_HOST = "$(BUILT_PRODUCTS_DIR)/Demo.app/Demo";
			};
			name = Debug;
		};
		7766DDCB1E297168003919E4 /* Release */ = {
			isa = XCBuildConfiguration;
			buildSettings = {
				ALWAYS_EMBED_SWIFT_STANDARD_LIBRARIES = YES;
				BUNDLE_LOADER = "$(TEST_HOST)";
				INFOPLIST_FILE = DemoTests/Info.plist;
				LD_RUNPATH_SEARCH_PATHS = "$(inherited) @executable_path/Frameworks @loader_path/Frameworks";
				PRODUCT_BUNDLE_IDENTIFIER = com.oscar.DemoTests;
				PRODUCT_NAME = "$(TARGET_NAME)";
				SWIFT_VERSION = 3.0;
				TEST_HOST = "$(BUILT_PRODUCTS_DIR)/Demo.app/Demo";
			};
			name = Release;
		};
		7766DDCD1E297168003919E4 /* Debug */ = {
			isa = XCBuildConfiguration;
			buildSettings = {
				ALWAYS_EMBED_SWIFT_STANDARD_LIBRARIES = YES;
				INFOPLIST_FILE = DemoUITests/Info.plist;
				LD_RUNPATH_SEARCH_PATHS = "$(inherited) @executable_path/Frameworks @loader_path/Frameworks";
				PRODUCT_BUNDLE_IDENTIFIER = com.oscar.DemoUITests;
				PRODUCT_NAME = "$(TARGET_NAME)";
				SWIFT_VERSION = 3.0;
				TEST_TARGET_NAME = Demo;
			};
			name = Debug;
		};
		7766DDCE1E297168003919E4 /* Release */ = {
			isa = XCBuildConfiguration;
			buildSettings = {
				ALWAYS_EMBED_SWIFT_STANDARD_LIBRARIES = YES;
				INFOPLIST_FILE = DemoUITests/Info.plist;
				LD_RUNPATH_SEARCH_PATHS = "$(inherited) @executable_path/Frameworks @loader_path/Frameworks";
				PRODUCT_BUNDLE_IDENTIFIER = com.oscar.DemoUITests;
				PRODUCT_NAME = "$(TARGET_NAME)";
				SWIFT_VERSION = 3.0;
				TEST_TARGET_NAME = Demo;
			};
			name = Release;
		};
/* End XCBuildConfiguration section */

/* Begin XCConfigurationList section */
		7766DD991E297167003919E4 /* Build configuration list for PBXProject "Demo" */ = {
			isa = XCConfigurationList;
			buildConfigurations = (
				7766DDC41E297168003919E4 /* Debug */,
				7766DDC51E297168003919E4 /* Release */,
			);
			defaultConfigurationIsVisible = 0;
			defaultConfigurationName = Release;
		};
		7766DDC61E297168003919E4 /* Build configuration list for PBXNativeTarget "Demo" */ = {
			isa = XCConfigurationList;
			buildConfigurations = (
				7766DDC71E297168003919E4 /* Debug */,
				7766DDC81E297168003919E4 /* Release */,
			);
			defaultConfigurationIsVisible = 0;
			defaultConfigurationName = Release;
		};
		7766DDC91E297168003919E4 /* Build configuration list for PBXNativeTarget "DemoTests" */ = {
			isa = XCConfigurationList;
			buildConfigurations = (
				7766DDCA1E297168003919E4 /* Debug */,
				7766DDCB1E297168003919E4 /* Release */,
			);
			defaultConfigurationIsVisible = 0;
			defaultConfigurationName = Release;
		};
		7766DDCC1E297168003919E4 /* Build configuration list for PBXNativeTarget "DemoUITests" */ = {
			isa = XCConfigurationList;
			buildConfigurations = (
				7766DDCD1E297168003919E4 /* Debug */,
				7766DDCE1E297168003919E4 /* Release */,
			);
			defaultConfigurationIsVisible = 0;
			defaultConfigurationName = Release;
		};
/* End XCConfigurationList section */
	};
	rootObject = 7766DD961E297167003919E4 /* Project object */;
}
